
Microsoft Visual Studio Solution File, Format Version 12.00
# Visual Studio Version 16
VisualStudioVersion = 16.0.28803.452
MinimumVisualStudioVersion = 10.0.40219.1
Project("{FAE04EC0-301F-11D3-BF4B-00C04F79EFBC}") = "Plex", "Plex.csproj", "{064B84EB-9F68-461A-A734-885F2E570DB9}"
EndProject
Global
	GlobalSection(SolutionConfigurationPlatforms) = preSolution
		Debug|Any CPU = Debug|Any CPU
		Release|Any CPU = Release|Any CPU
	EndGlobalSection
	GlobalSection(ProjectConfigurationPlatforms) = postSolution
		{064B84EB-9F68-461A-A734-885F2E570DB9}.Debug|Any CPU.ActiveCfg = Debug|Any CPU
		{064B84EB-9F68-461A-A734-885F2E570DB9}.Debug|Any CPU.Build.0 = Debug|Any CPU
		{064B84EB-9F68-461A-A734-885F2E570DB9}.Release|Any CPU.ActiveCfg = Release|Any CPU
		{064B84EB-9F68-461A-A734-885F2E570DB9}.Release|Any CPU.Build.0 = Release|Any CPU
	EndGlobalSection
	GlobalSection(SolutionProperties) = preSolution
		HideSolutionNode = FALSE
	EndGlobalSection
	GlobalSection(ExtensibilityGlobals) = postSolution
		SolutionGuid = {21135DB1-D988-4F57-8F91-675B1AE875A3}
	EndGlobalSection
EndGlobal
